<?xml version="1.0" encoding="utf-8"?>
<Project ToolsVersion="4.0" xmlns="http://schemas.microsoft.com/developer/msbuild/2003">
  <ItemGroup>
    <Filter Include="CBack">
      <UniqueIdentifier>{cc67d14f-bd51-47aa-909f-29ad20359010}</UniqueIdentifier>
    </Filter>
    <Filter Include="CPlayer">
      <UniqueIdentifier>{2bc75929-6807-4f2e-800f-6b9f43b78e35}</UniqueIdentifier>
    </Filter>
    <Filter Include="CGunnerList">
      <UniqueIdentifier>{af70fefb-e8b1-4045-99e1-6f455ce2c825}</UniqueIdentifier>
    </Filter>
    <Filter Include="config">
      <UniqueIdentifier>{fabe3b9e-cdc0-4ab4-9f2f-f07ea7490cbf}</UniqueIdentifier>
    </Filter>
    <Filter Include="CFoeList">
      <UniqueIdentifier>{c99059b0-f7a5-4f8b-ab96-22637b0bd48a}</UniqueIdentifier>
    </Filter>
    <Filter Include="CGameFrame">
      <UniqueIdentifier>{e106e51c-537e-49a5-acdd-7f49464fe748}</UniqueIdentifier>
    </Filter>
    <Filter Include="CPlaneApp">
      <UniqueIdentifier>{729e3ffb-b99d-425e-86d7-c942e1f31c12}</UniqueIdentifier>
    </Filter>
  </ItemGroup>
  <ItemGroup>
    <ClCompile Include="CBack\CBack.cpp">
      <Filter>CBack</Filter>
    </ClCompile>
    <ClCompile Include="CFoeList\CFoe.cpp">
      <Filter>CFoeList</Filter>
    </ClCompile>
    <ClCompile Include="CFoeList\CFoeBig.cpp">
      <Filter>CFoeList</Filter>
    </ClCompile>
    <ClCompile Include="CFoeList\CFoeList.cpp">
      <Filter>CFoeList</Filter>
    </ClCompile>
    <ClCompile Include="CFoeList\CFoeMid.cpp">
      <Filter>CFoeList</Filter>
    </ClCompile>
    <ClCompile Include="CFoeList\CFoeSma.cpp">
      <Filter>CFoeList</Filter>
    </ClCompile>
    <ClCompile Include="CPlayer\CPlayer.cpp">
      <Filter>CPlayer</Filter>
    </ClCompile>
    <ClCompile Include="CGunnerList\CGunner.cpp">
      <Filter>CGunnerList</Filter>
    </ClCompile>
    <ClCompile Include="CGunnerList\CGunnerList.cpp">
      <Filter>CGunnerList</Filter>
    </ClCompile>
    <ClCompile Include="CPlaneApp\CPlaneApp.cpp">
      <Filter>CPlaneApp</Filter>
    </ClCompile>
    <ClCompile Include="CGameFrame\CGameFrame.cpp">
      <Filter>CGameFrame</Filter>
    </ClCompile>
  </ItemGroup>
  <ItemGroup>
    <ClInclude Include="CBack\CBack.h">
      <Filter>CBack</Filter>
    </ClInclude>
    <ClInclude Include="CFoeList\CFoe.h">
      <Filter>CFoeList</Filter>
    </ClInclude>
    <ClInclude Include="CFoeList\CFoeBig.h">
      <Filter>CFoeList</Filter>
    </ClInclude>
    <ClInclude Include="CFoeList\CFoeList.h">
      <Filter>CFoeList</Filter>
    </ClInclude>
    <ClInclude Include="CFoeList\CFoeSma.h">
      <Filter>CFoeList</Filter>
    </ClInclude>
    <ClInclude Include="CFoeList\CFoeMid.h">
      <Filter>CFoeList</Filter>
    </ClInclude>
    <ClInclude Include="CPlayer\CPlayer.h">
      <Filter>CPlayer</Filter>
    </ClInclude>
    <ClInclude Include="CGunnerList\CGunner.h">
      <Filter>CGunnerList</Filter>
    </ClInclude>
    <ClInclude Include="CGunnerList\CGunnerList.h">
      <Filter>CGunnerList</Filter>
    </ClInclude>
    <ClInclude Include="config\config.h">
      <Filter>config</Filter>
    </ClInclude>
    <ClInclude Include="CPlaneApp\CPlaneApp.h">
      <Filter>CPlaneApp</Filter>
    </ClInclude>
    <ClInclude Include="CGameFrame\CGameFrame.h">
      <Filter>CGameFrame</Filter>
    </ClInclude>
  </ItemGroup>
</Project>